// !$*UTF8*$!
{
	archiveVersion = 1;
	classes = {
	};
	objectVersion = 46;
	objects = {

/* Begin PBXBuildFile section */
		CA0BD1821781659B00A799E7 /* main.m in Sources */ = {isa = PBXBuildFile; fileRef = CA0BD1751781659B00A799E7 /* main.m */; };
		CA0BD1831781659B00A799E7 /* ZHAppDelegate.m in Sources */ = {isa = PBXBuildFile; fileRef = CA0BD1771781659B00A799E7 /* ZHAppDelegate.m */; };
		CA0BD1841781659B00A799E7 /* ZHFirstSubView.m in Sources */ = {isa = PBXBuildFile; fileRef = CA0BD1791781659B00A799E7 /* ZHFirstSubView.m */; };
		CA0BD1851781659B00A799E7 /* ZHFirstSubViewController.m in Sources */ = {isa = PBXBuildFile; fileRef = CA0BD17B1781659B00A799E7 /* ZHFirstSubViewController.m */; };
		CA0BD1861781659B00A799E7 /* ZHSecondSubView.m in Sources */ = {isa = PBXBuildFile; fileRef = CA0BD17D1781659B00A799E7 /* ZHSecondSubView.m */; };
		CA0BD1871781659B00A799E7 /* ZHSecondViewController.m in Sources */ = {isa = PBXBuildFile; fileRef = CA0BD17F1781659B00A799E7 /* ZHSecondViewController.m */; };
		CA0BD1881781659B00A799E7 /* ZHViewController.m in Sources */ = {isa = PBXBuildFile; fileRef = CA0BD1811781659B00A799E7 /* ZHViewController.m */; };
		CAF59E1B17815471002FE87D /* UIKit.framework in Frameworks */ = {isa = PBXBuildFile; fileRef = CAF59E1A17815471002FE87D /* UIKit.framework */; };
		CAF59E1D17815471002FE87D /* Foundation.framework in Frameworks */ = {isa = PBXBuildFile; fileRef = CAF59E1C17815471002FE87D /* Foundation.framework */; };
		CAF59E1F17815471002FE87D /* CoreGraphics.framework in Frameworks */ = {isa = PBXBuildFile; fileRef = CAF59E1E17815471002FE87D /* CoreGraphics.framework */; };
		CAF59E3917815471002FE87D /* SenTestingKit.framework in Frameworks */ = {isa = PBXBuildFile; fileRef = CAF59E3817815471002FE87D /* SenTestingKit.framework */; };
		CAF59E3A17815471002FE87D /* UIKit.framework in Frameworks */ = {isa = PBXBuildFile; fileRef = CAF59E1A17815471002FE87D /* UIKit.framework */; };
		CAF59E3B17815471002FE87D /* Foundation.framework in Frameworks */ = {isa = PBXBuildFile; fileRef = CAF59E1C17815471002FE87D /* Foundation.framework */; };
		CAF59E4317815471002FE87D /* InfoPlist.strings in Resources */ = {isa = PBXBuildFile; fileRef = CAF59E4117815471002FE87D /* InfoPlist.strings */; };
		CAF59E4617815471002FE87D /* __1UIViewControllerTests.m in Sources */ = {isa = PBXBuildFile; fileRef = CAF59E4517815471002FE87D /* __1UIViewControllerTests.m */; };
/* End PBXBuildFile section */

/* Begin PBXContainerItemProxy section */
		CAF59E3C17815471002FE87D /* PBXContainerItemProxy */ = {
			isa = PBXContainerItemProxy;
			containerPortal = CAF59E0F17815471002FE87D /* Project object */;
			proxyType = 1;
			remoteGlobalIDString = CAF59E1617815471002FE87D;
			remoteInfo = 7_1UIViewController;
		};
/* End PBXContainerItemProxy section */

/* Begin PBXFileReference section */
		CA0BD1741781659B00A799E7 /* 7_1UIViewController-Prefix.pch */ = {isa = PBXFileReference; fileEncoding = 4; lastKnownFileType = sourcecode.c.h; name = "7_1UIViewController-Prefix.pch"; path = "7_1UIViewController/7_1UIViewController-Prefix.pch"; sourceTree = SOURCE_ROOT; };
		CA0BD1751781659B00A799E7 /* main.m */ = {isa = PBXFileReference; fileEncoding = 4; lastKnownFileType = sourcecode.c.objc; name = main.m; path = 7_1UIViewController/main.m; sourceTree = SOURCE_ROOT; };
		CA0BD1761781659B00A799E7 /* ZHAppDelegate.h */ = {isa = PBXFileReference; fileEncoding = 4; lastKnownFileType = sourcecode.c.h; name = ZHAppDelegate.h; path = 7_1UIViewController/ZHAppDelegate.h; sourceTree = SOURCE_ROOT; };
		CA0BD1771781659B00A799E7 /* ZHAppDelegate.m */ = {isa = PBXFileReference; fileEncoding = 4; lastKnownFileType = sourcecode.c.objc; name = ZHAppDelegate.m; path = 7_1UIViewController/ZHAppDelegate.m; sourceTree = SOURCE_ROOT; };
		CA0BD1781781659B00A799E7 /* ZHFirstSubView.h */ = {isa = PBXFileReference; fileEncoding = 4; lastKnownFileType = sourcecode.c.h; name = ZHFirstSubView.h; path = 7_1UIViewController/ZHFirstSubView.h; sourceTree = SOURCE_ROOT; };
		CA0BD1791781659B00A799E7 /* ZHFirstSubView.m */ = {isa = PBXFileReference; fileEncoding = 4; lastKnownFileType = sourcecode.c.objc; name = ZHFirstSubView.m; path = 7_1UIViewController/ZHFirstSubView.m; sourceTree = SOURCE_ROOT; };
		CA0BD17A1781659B00A799E7 /* ZHFirstSubViewController.h */ = {isa = PBXFileReference; fileEncoding = 4; lastKnownFileType = sourcecode.c.h; name = ZHFirstSubViewController.h; path = 7_1UIViewController/ZHFirstSubViewController.h; sourceTree = SOURCE_ROOT; };
		CA0BD17B1781659B00A799E7 /* ZHFirstSubViewController.m */ = {isa = PBXFileReference; fileEncoding = 4; lastKnownFileType = sourcecode.c.objc; name = ZHFirstSubViewController.m; path = 7_1UIViewController/ZHFirstSubViewController.m; sourceTree = SOURCE_ROOT; };
		CA0BD17C1781659B00A799E7 /* ZHSecondSubView.h */ = {isa = PBXFileReference; fileEncoding = 4; lastKnownFileType = sourcecode.c.h; name = ZHSecondSubView.h; path = 7_1UIViewController/ZHSecondSubView.h; sourceTree = SOURCE_ROOT; };
		CA0BD17D1781659B00A799E7 /* ZHSecondSubView.m */ = {isa = PBXFileReference; fileEncoding = 4; lastKnownFileType = sourcecode.c.objc; name = ZHSecondSubView.m; path = 7_1UIViewController/ZHSecondSubView.m; sourceTree = SOURCE_ROOT; };
		CA0BD17E1781659B00A799E7 /* ZHSecondViewController.h */ = {isa = PBXFileReference; fileEncoding = 4; lastKnownFileType = sourcecode.c.h; name = ZHSecondViewController.h; path = 7_1UIViewController/ZHSecondViewController.h; sourceTree = SOURCE_ROOT; };
		CA0BD17F1781659B00A799E7 /* ZHSecondViewController.m */ = {isa = PBXFileReference; fileEncoding = 4; lastKnownFileType = sourcecode.c.objc; name = ZHSecondViewController.m; path = 7_1UIViewController/ZHSecondViewController.m; sourceTree = SOURCE_ROOT; };
		CA0BD1801781659B00A799E7 /* ZHViewController.h */ = {isa = PBXFileReference; fileEncoding = 4; lastKnownFileType = sourcecode.c.h; name = ZHViewController.h; path = 7_1UIViewController/ZHViewController.h; sourceTree = SOURCE_ROOT; };
		CA0BD1811781659B00A799E7 /* ZHViewController.m */ = {isa = PBXFileReference; fileEncoding = 4; lastKnownFileType = sourcecode.c.objc; name = ZHViewController.m; path = 7_1UIViewController/ZHViewController.m; sourceTree = SOURCE_ROOT; };
		CAF59E1717815471002FE87D /* 7_1UIViewController.app */ = {isa = PBXFileReference; explicitFileType = wrapper.application; includeInIndex = 0; path = 7_1UIViewController.app; sourceTree = BUILT_PRODUCTS_DIR; };
		CAF59E1A17815471002FE87D /* UIKit.framework */ = {isa = PBXFileReference; lastKnownFileType = wrapper.framework; name = UIKit.framework; path = System/Library/Frameworks/UIKit.framework; sourceTree = SDKROOT; };
		CAF59E1C17815471002FE87D /* Foundation.framework */ = {isa = PBXFileReference; lastKnownFileType = wrapper.framework; name = Foundation.framework; path = System/Library/Frameworks/Foundation.framework; sourceTree = SDKROOT; };
		CAF59E1E17815471002FE87D /* CoreGraphics.framework */ = {isa = PBXFileReference; lastKnownFileType = wrapper.framework; name = CoreGraphics.framework; path = System/Library/Frameworks/CoreGraphics.framework; sourceTree = SDKROOT; };
		CAF59E3717815471002FE87D /* 7_1UIViewControllerTests.octest */ = {isa = PBXFileReference; explicitFileType = wrapper.cfbundle; includeInIndex = 0; path = 7_1UIViewControllerTests.octest; sourceTree = BUILT_PRODUCTS_DIR; };
		CAF59E3817815471002FE87D /* SenTestingKit.framework */ = {isa = PBXFileReference; lastKnownFileType = wrapper.framework; name = SenTestingKit.framework; path = Library/Frameworks/SenTestingKit.framework; sourceTree = DEVELOPER_DIR; };
		CAF59E4017815471002FE87D /* 7_1UIViewControllerTests-Info.plist */ = {isa = PBXFileReference; lastKnownFileType = text.plist.xml; path = "7_1UIViewControllerTests-Info.plist"; sourceTree = "<group>"; };
		CAF59E4217815471002FE87D /* en */ = {isa = PBXFileReference; lastKnownFileType = text.plist.strings; name = en; path = en.lproj/InfoPlist.strings; sourceTree = "<group>"; };
		CAF59E4417815471002FE87D /* __1UIViewControllerTests.h */ = {isa = PBXFileReference; lastKnownFileType = sourcecode.c.h; path = __1UIViewControllerTests.h; sourceTree = "<group>"; };
		CAF59E4517815471002FE87D /* __1UIViewControllerTests.m */ = {isa = PBXFileReference; lastKnownFileType = sourcecode.c.objc; path = __1UIViewControllerTests.m; sourceTree = "<group>"; };
/* End PBXFileReference section */

/* Begin PBXFrameworksBuildPhase section */
		CAF59E1417815471002FE87D /* Frameworks */ = {
			isa = PBXFrameworksBuildPhase;
			buildActionMask = 2147483647;
			files = (
				CAF59E1B17815471002FE87D /* UIKit.framework in Frameworks */,
				CAF59E1D17815471002FE87D /* Foundation.framework in Frameworks */,
				CAF59E1F17815471002FE87D /* CoreGraphics.framework in Frameworks */,
			);
			runOnlyForDeploymentPostprocessing = 0;
		};
		CAF59E3317815471002FE87D /* Frameworks */ = {
			isa = PBXFrameworksBuildPhase;
			buildActionMask = 2147483647;
			files = (
				CAF59E3917815471002FE87D /* SenTestingKit.framework in Frameworks */,
				CAF59E3A17815471002FE87D /* UIKit.framework in Frameworks */,
				CAF59E3B17815471002FE87D /* Foundation.framework in Frameworks */,
			);
			runOnlyForDeploymentPostprocessing = 0;
		};
/* End PBXFrameworksBuildPhase section */

/* Begin PBXGroup section */
		CA0BD18A178165AC00A799E7 /* 7_1UIVIewController */ = {
			isa = PBXGroup;
			children = (
				CA0BD1761781659B00A799E7 /* ZHAppDelegate.h */,
				CA0BD1771781659B00A799E7 /* ZHAppDelegate.m */,
				CA0BD1801781659B00A799E7 /* ZHViewController.h */,
				CA0BD1811781659B00A799E7 /* ZHViewController.m */,
				CA0BD18B178165CF00A799E7 /* DemoViewController */,
			);
			name = 7_1UIVIewController;
			sourceTree = "<group>";
		};
		CA0BD18B178165CF00A799E7 /* DemoViewController */ = {
			isa = PBXGroup;
			children = (
				CA0BD18C1781824400A799E7 /* FirstView */,
				CA0BD18D1781825300A799E7 /* SecondView */,
			);
			name = DemoViewController;
			sourceTree = "<group>";
		};
		CA0BD18C1781824400A799E7 /* FirstView */ = {
			isa = PBXGroup;
			children = (
				CA0BD1781781659B00A799E7 /* ZHFirstSubView.h */,
				CA0BD1791781659B00A799E7 /* ZHFirstSubView.m */,
				CA0BD17A1781659B00A799E7 /* ZHFirstSubViewController.h */,
				CA0BD17B1781659B00A799E7 /* ZHFirstSubViewController.m */,
			);
			name = FirstView;
			sourceTree = "<group>";
		};
		CA0BD18D1781825300A799E7 /* SecondView */ = {
			isa = PBXGroup;
			children = (
				CA0BD17C1781659B00A799E7 /* ZHSecondSubView.h */,
				CA0BD17D1781659B00A799E7 /* ZHSecondSubView.m */,
				CA0BD17E1781659B00A799E7 /* ZHSecondViewController.h */,
				CA0BD17F1781659B00A799E7 /* ZHSecondViewController.m */,
			);
			name = SecondView;
			sourceTree = "<group>";
		};
		CAF59E0E17815471002FE87D = {
			isa = PBXGroup;
			children = (
				CA0BD18A178165AC00A799E7 /* 7_1UIVIewController */,
				CAF59E3E17815471002FE87D /* 7_1UIViewControllerTests */,
				CAF59E1917815471002FE87D /* Frameworks */,
				CAF59E1817815471002FE87D /* Products */,
			);
			sourceTree = "<group>";
		};
		CAF59E1817815471002FE87D /* Products */ = {
			isa = PBXGroup;
			children = (
				CAF59E1717815471002FE87D /* 7_1UIViewController.app */,
				CAF59E3717815471002FE87D /* 7_1UIViewControllerTests.octest */,
			);
			name = Products;
			sourceTree = "<group>";
		};
		CAF59E1917815471002FE87D /* Frameworks */ = {
			isa = PBXGroup;
			children = (
				CAF59E1A17815471002FE87D /* UIKit.framework */,
				CAF59E1C17815471002FE87D /* Foundation.framework */,
				CAF59E1E17815471002FE87D /* CoreGraphics.framework */,
				CAF59E3817815471002FE87D /* SenTestingKit.framework */,
			);
			name = Frameworks;
			sourceTree = "<group>";
		};
		CAF59E3E17815471002FE87D /* 7_1UIViewControllerTests */ = {
			isa = PBXGroup;
			children = (
				CA0BD1741781659B00A799E7 /* 7_1UIViewController-Prefix.pch */,
				CA0BD1751781659B00A799E7 /* main.m */,
				CAF59E4417815471002FE87D /* __1UIViewControllerTests.h */,
				CAF59E4517815471002FE87D /* __1UIViewControllerTests.m */,
				CAF59E3F17815471002FE87D /* Supporting Files */,
			);
			path = 7_1UIViewControllerTests;
			sourceTree = "<group>";
		};
		CAF59E3F17815471002FE87D /* Supporting Files */ = {
			isa = PBXGroup;
			children = (
				CAF59E4017815471002FE87D /* 7_1UIViewControllerTests-Info.plist */,
				CAF59E4117815471002FE87D /* InfoPlist.strings */,
			);
			name = "Supporting Files";
			sourceTree = "<group>";
		};
/* End PBXGroup section */

/* Begin PBXNativeTarget section */
		CAF59E1617815471002FE87D /* 7_1UIViewController */ = {
			isa = PBXNativeTarget;
			buildConfigurationList = CAF59E4917815471002FE87D /* Build configuration list for PBXNativeTarget "7_1UIViewController" */;
			buildPhases = (
				CAF59E1317815471002FE87D /* Sources */,
				CAF59E1417815471002FE87D /* Frameworks */,
				CAF59E1517815471002FE87D /* Resources */,
			);
			buildRules = (
			);
			dependencies = (
			);
			name = 7_1UIViewController;
			productName = 7_1UIViewController;
			productReference = CAF59E1717815471002FE87D /* 7_1UIViewController.app */;
			productType = "com.apple.product-type.application";
		};
		CAF59E3617815471002FE87D /* 7_1UIViewControllerTests */ = {
			isa = PBXNativeTarget;
			buildConfigurationList = CAF59E4C17815471002FE87D /* Build configuration list for PBXNativeTarget "7_1UIViewControllerTests" */;
			buildPhases = (
				CAF59E3217815471002FE87D /* Sources */,
				CAF59E3317815471002FE87D /* Frameworks */,
				CAF59E3417815471002FE87D /* Resources */,
				CAF59E3517815471002FE87D /* ShellScript */,
			);
			buildRules = (
			);
			dependencies = (
				CAF59E3D17815471002FE87D /* PBXTargetDependency */,
			);
			name = 7_1UIViewControllerTests;
			productName = 7_1UIViewControllerTests;
			productReference = CAF59E3717815471002FE87D /* 7_1UIViewControllerTests.octest */;
			productType = "com.apple.product-type.bundle";
		};
/* End PBXNativeTarget section */

/* Begin PBXProject section */
		CAF59E0F17815471002FE87D /* Project object */ = {
			isa = PBXProject;
			attributes = {
				CLASSPREFIX = ZH;
				LastUpgradeCheck = 0460;
				ORGANIZATIONNAME = ZhiHu;
			};
			buildConfigurationList = CAF59E1217815471002FE87D /* Build configuration list for PBXProject "7_1UIViewController" */;
			compatibilityVersion = "Xcode 3.2";
			developmentRegion = English;
			hasScannedForEncodings = 0;
			knownRegions = (
				en,
			);
			mainGroup = CAF59E0E17815471002FE87D;
			productRefGroup = CAF59E1817815471002FE87D /* Products */;
			projectDirPath = "";
			projectRoot = "";
			targets = (
				CAF59E1617815471002FE87D /* 7_1UIViewController */,
				CAF59E3617815471002FE87D /* 7_1UIViewControllerTests */,
			);
		};
/* End PBXProject section */

/* Begin PBXResourcesBuildPhase section */
		CAF59E1517815471002FE87D /* Resources */ = {
			isa = PBXResourcesBuildPhase;
			buildActionMask = 2147483647;
			files = (
			);
			runOnlyForDeploymentPostprocessing = 0;
		};
		CAF59E3417815471002FE87D /* Resources */ = {
			isa = PBXResourcesBuildPhase;
			buildActionMask = 2147483647;
			files = (
				CAF59E4317815471002FE87D /* InfoPlist.strings in Resources */,
			);
			runOnlyForDeploymentPostprocessing = 0;
		};
/* End PBXResourcesBuildPhase section */

/* Begin PBXShellScriptBuildPhase section */
		CAF59E3517815471002FE87D /* ShellScript */ = {
			isa = PBXShellScriptBuildPhase;
			buildActionMask = 2147483647;
			files = (
			);
			inputPaths = (
			);
			outputPaths = (
			);
			runOnlyForDeploymentPostprocessing = 0;
			shellPath = /bin/sh;
			shellScript = "# Run the unit tests in this test bundle.\n\"${SYSTEM_DEVELOPER_DIR}/Tools/RunUnitTests\"\n";
		};
/* End PBXShellScriptBuildPhase section */

/* Begin PBXSourcesBuildPhase section */
		CAF59E1317815471002FE87D /* Sources */ = {
			isa = PBXSourcesBuildPhase;
			buildActionMask = 2147483647;
			files = (
				CA0BD1821781659B00A799E7 /* main.m in Sources */,
				CA0BD1831781659B00A799E7 /* ZHAppDelegate.m in Sources */,
				CA0BD1841781659B00A799E7 /* ZHFirstSubView.m in Sources */,
				CA0BD1851781659B00A799E7 /* ZHFirstSubViewController.m in Sources */,
				CA0BD1861781659B00A799E7 /* ZHSecondSubView.m in Sources */,
				CA0BD1871781659B00A799E7 /* ZHSecondViewController.m in Sources */,
				CA0BD1881781659B00A799E7 /* ZHViewController.m in Sources */,
			);
			runOnlyForDeploymentPostprocessing = 0;
		};
		CAF59E3217815471002FE87D /* Sources */ = {
			isa = PBXSourcesBuildPhase;
			buildActionMask = 2147483647;
			files = (
				CAF59E4617815471002FE87D /* __1UIViewControllerTests.m in Sources */,
			);
			runOnlyForDeploymentPostprocessing = 0;
		};
/* End PBXSourcesBuildPhase section */

/* Begin PBXTargetDependency section */
		CAF59E3D17815471002FE87D /* PBXTargetDependency */ = {
			isa = PBXTargetDependency;
			target = CAF59E1617815471002FE87D /* 7_1UIViewController */;
			targetProxy = CAF59E3C17815471002FE87D /* PBXContainerItemProxy */;
		};
/* End PBXTargetDependency section */

/* Begin PBXVariantGroup section */
		CAF59E4117815471002FE87D /* InfoPlist.strings */ = {
			isa = PBXVariantGroup;
			children = (
				CAF59E4217815471002FE87D /* en */,
			);
			name = InfoPlist.strings;
			sourceTree = "<group>";
		};
/* End PBXVariantGroup section */

/* Begin XCBuildConfiguration section */
		CAF59E4717815471002FE87D /* Debug */ = {
			isa = XCBuildConfiguration;
			buildSettings = {
				ALWAYS_SEARCH_USER_PATHS = NO;
				CLANG_CXX_LANGUAGE_STANDARD = "gnu++0x";
				CLANG_CXX_LIBRARY = "libc++";
				CLANG_ENABLE_OBJC_ARC = YES;
				CLANG_WARN_CONSTANT_CONVERSION = YES;
				CLANG_WARN_EMPTY_BODY = YES;
				CLANG_WARN_ENUM_CONVERSION = YES;
				CLANG_WARN_INT_CONVERSION = YES;
				CLANG_WARN__DUPLICATE_METHOD_MATCH = YES;
				"CODE_SIGN_IDENTITY[sdk=iphoneos*]" = "iPhone Developer";
				COPY_PHASE_STRIP = NO;
				GCC_C_LANGUAGE_STANDARD = gnu99;
				GCC_DYNAMIC_NO_PIC = NO;
				GCC_OPTIMIZATION_LEVEL = 0;
				GCC_PREPROCESSOR_DEFINITIONS = (
					"DEBUG=1",
					"$(inherited)",
				);
				GCC_SYMBOLS_PRIVATE_EXTERN = NO;
				GCC_WARN_ABOUT_RETURN_TYPE = YES;
				GCC_WARN_UNINITIALIZED_AUTOS = YES;
				GCC_WARN_UNUSED_VARIABLE = YES;
				IPHONEOS_DEPLOYMENT_TARGET = 5.0;
				ONLY_ACTIVE_ARCH = YES;
				SDKROOT = iphoneos;
			};
			name = Debug;
		};
		CAF59E4817815471002FE87D /* Release */ = {
			isa = XCBuildConfiguration;
			buildSettings = {
				ALWAYS_SEARCH_USER_PATHS = NO;
				CLANG_CXX_LANGUAGE_STANDARD = "gnu++0x";
				CLANG_CXX_LIBRARY = "libc++";
				CLANG_ENABLE_OBJC_ARC = YES;
				CLANG_WARN_CONSTANT_CONVERSION = YES;
				CLANG_WARN_EMPTY_BODY = YES;
				CLANG_WARN_ENUM_CONVERSION = YES;
				CLANG_WARN_INT_CONVERSION = YES;
				CLANG_WARN__DUPLICATE_METHOD_MATCH = YES;
				"CODE_SIGN_IDENTITY[sdk=iphoneos*]" = "iPhone Developer";
				COPY_PHASE_STRIP = YES;
				GCC_C_LANGUAGE_STANDARD = gnu99;
				GCC_WARN_ABOUT_RETURN_TYPE = YES;
				GCC_WARN_UNINITIALIZED_AUTOS = YES;
				GCC_WARN_UNUSED_VARIABLE = YES;
				IPHONEOS_DEPLOYMENT_TARGET = 5.0;
				OTHER_CFLAGS = "-DNS_BLOCK_ASSERTIONS=1";
				SDKROOT = iphoneos;
				VALIDATE_PRODUCT = YES;
			};
			name = Release;
		};
		CAF59E4A17815471002FE87D /* Debug */ = {
			isa = XCBuildConfiguration;
			buildSettings = {
				GCC_PRECOMPILE_PREFIX_HEADER = YES;
				GCC_PREFIX_HEADER = "7_1UIViewController/7_1UIViewController-Prefix.pch";
				INFOPLIST_FILE = "7_1UIViewController/7_1UIViewController-Info.plist";
				PRODUCT_NAME = "$(TARGET_NAME)";
				WRAPPER_EXTENSION = app;
			};
			name = Debug;
		};
		CAF59E4B17815471002FE87D /* Release */ = {
			isa = XCBuildConfiguration;
			buildSettings = {
				GCC_PRECOMPILE_PREFIX_HEADER = YES;
				GCC_PREFIX_HEADER = "7_1UIViewController/7_1UIViewController-Prefix.pch";
				INFOPLIST_FILE = "7_1UIViewController/7_1UIViewController-Info.plist";
				PRODUCT_NAME = "$(TARGET_NAME)";
				WRAPPER_EXTENSION = app;
			};
			name = Release;
		};
		CAF59E4D17815471002FE87D /* Debug */ = {
			isa = XCBuildConfiguration;
			buildSettings = {
				BUNDLE_LOADER = "$(BUILT_PRODUCTS_DIR)/7_1UIViewController.app/7_1UIViewController";
				FRAMEWORK_SEARCH_PATHS = (
					"\"$(SDKROOT)/Developer/Library/Frameworks\"",
					"\"$(DEVELOPER_LIBRARY_DIR)/Frameworks\"",
				);
				GCC_PRECOMPILE_PREFIX_HEADER = YES;
				GCC_PREFIX_HEADER = "7_1UIViewController/7_1UIViewController-Prefix.pch";
				INFOPLIST_FILE = "7_1UIViewControllerTests/7_1UIViewControllerTests-Info.plist";
				PRODUCT_NAME = "$(TARGET_NAME)";
				TEST_HOST = "$(BUNDLE_LOADER)";
				WRAPPER_EXTENSION = octest;
			};
			name = Debug;
		};
		CAF59E4E17815471002FE87D /* Release */ = {
			isa = XCBuildConfiguration;
			buildSettings = {
				BUNDLE_LOADER = "$(BUILT_PRODUCTS_DIR)/7_1UIViewController.app/7_1UIViewController";
				FRAMEWORK_SEARCH_PATHS = (
					"\"$(SDKROOT)/Developer/Library/Frameworks\"",
					"\"$(DEVELOPER_LIBRARY_DIR)/Frameworks\"",
				);
				GCC_PRECOMPILE_PREFIX_HEADER = YES;
				GCC_PREFIX_HEADER = "7_1UIViewController/7_1UIViewController-Prefix.pch";
				INFOPLIST_FILE = "7_1UIViewControllerTests/7_1UIViewControllerTests-Info.plist";
				PRODUCT_NAME = "$(TARGET_NAME)";
				TEST_HOST = "$(BUNDLE_LOADER)";
				WRAPPER_EXTENSION = octest;
			};
			name = Release;
		};
/* End XCBuildConfiguration section */

/* Begin XCConfigurationList section */
		CAF59E1217815471002FE87D /* Build configuration list for PBXProject "7_1UIViewController" */ = {
			isa = XCConfigurationList;
			buildConfigurations = (
				CAF59E4717815471002FE87D /* Debug */,
				CAF59E4817815471002FE87D /* Release */,
			);
			defaultConfigurationIsVisible = 0;
			defaultConfigurationName = Release;
		};
		CAF59E4917815471002FE87D /* Build configuration list for PBXNativeTarget "7_1UIViewController" */ = {
			isa = XCConfigurationList;
			buildConfigurations = (
				CAF59E4A17815471002FE87D /* Debug */,
				CAF59E4B17815471002FE87D /* Release */,
			);
			defaultConfigurationIsVisible = 0;
			defaultConfigurationName = Release;
		};
		CAF59E4C17815471002FE87D /* Build configuration list for PBXNativeTarget "7_1UIViewControllerTests" */ = {
			isa = XCConfigurationList;
			buildConfigurations = (
				CAF59E4D17815471002FE87D /* Debug */,
				CAF59E4E17815471002FE87D /* Release */,
			);
			defaultConfigurationIsVisible = 0;
			defaultConfigurationName = Release;
		};
/* End XCConfigurationList section */
	};
	rootObject = CAF59E0F17815471002FE87D /* Project object */;
}
